
Microsoft Visual Studio Solution File, Format Version 12.00
# Visual Studio Version 17
VisualStudioVersion = 17.4.33110.190
MinimumVisualStudioVersion = 10.0.40219.1
Project("{9A19103F-16F7-4668-BE54-9A1E7A4F7556}") = "Day01", "Day01\Day01.csproj", "{FA29BC8A-6428-4F7C-8F57-A6C267151DBF}"
EndProject
Project("{9A19103F-16F7-4668-BE54-9A1E7A4F7556}") = "Day02", "Day02\Day02.csproj", "{D7571201-1E87-4C6A-B4B3-50B8BBE6F57E}"
EndProject
Project("{9A19103F-16F7-4668-BE54-9A1E7A4F7556}") = "Day03", "Day03\Day03.csproj", "{A8826EEF-DAA4-4F93-92F0-6613B00928E1}"
EndProject
Project("{9A19103F-16F7-4668-BE54-9A1E7A4F7556}") = "Day04", "Day04\Day04.csproj", "{F177FBAD-8F65-4CFF-B6E0-D3AC5AEF03E3}"
EndProject
Project("{2150E333-8FDC-42A3-9474-1A3956D46DE8}") = "Solution Items", "Solution Items", "{22BF264D-52F3-41A4-92BE-9B43A69D82F0}"
	ProjectSection(SolutionItems) = preProject
		README.md = README.md
	EndProjectSection
EndProject
Project("{9A19103F-16F7-4668-BE54-9A1E7A4F7556}") = "Day05", "Day05\Day05.csproj", "{18E92CE1-075D-4B24-A526-79903A332448}"
EndProject
Project("{9A19103F-16F7-4668-BE54-9A1E7A4F7556}") = "Day06", "Day06\Day06.csproj", "{32BC20B7-0079-4446-A219-678757BFE637}"
EndProject
Project("{9A19103F-16F7-4668-BE54-9A1E7A4F7556}") = "Day07", "Day07\Day07.csproj", "{366097C1-66FA-4888-868E-5893C983C2DD}"
EndProject
Project("{9A19103F-16F7-4668-BE54-9A1E7A4F7556}") = "Day08", "Day08\Day08.csproj", "{84E30549-8C1D-43ED-9E42-1BF20860AD44}"
EndProject
Project("{9A19103F-16F7-4668-BE54-9A1E7A4F7556}") = "Day09", "Day09\Day09.csproj", "{A850FCD3-2C8E-47ED-887E-E16326CE60E5}"
EndProject
Project("{9A19103F-16F7-4668-BE54-9A1E7A4F7556}") = "Day10", "Day10\Day10.csproj", "{E4598683-68B4-45B9-A5EA-C21ED57C956C}"
EndProject
Project("{9A19103F-16F7-4668-BE54-9A1E7A4F7556}") = "Day11", "Day11\Day11.csproj", "{4FA2E818-8CDC-4175-80C9-C2A38C2C32FC}"
EndProject
Project("{9A19103F-16F7-4668-BE54-9A1E7A4F7556}") = "Day12", "Day12\Day12.csproj", "{8B5D1FBE-3773-4B71-9AEB-64F1B636A90A}"
EndProject
Project("{9A19103F-16F7-4668-BE54-9A1E7A4F7556}") = "Day13", "Day13\Day13.csproj", "{B06CDAE7-DAB4-4F72-8851-2B6BC30C2570}"
EndProject
Project("{9A19103F-16F7-4668-BE54-9A1E7A4F7556}") = "Day14", "Day14\Day14.csproj", "{6270C7FF-A663-41EE-9551-293BAB58F4A5}"
EndProject
Project("{9A19103F-16F7-4668-BE54-9A1E7A4F7556}") = "Day15", "Day15\Day15.csproj", "{5C3ECA14-59AE-4D01-B052-44F4B1088791}"
EndProject
Project("{9A19103F-16F7-4668-BE54-9A1E7A4F7556}") = "Day16", "Day16\Day16.csproj", "{B49D07D7-3715-437C-9FD4-854B6FC5C128}"
EndProject
Project("{FAE04EC0-301F-11D3-BF4B-00C04F79EFBC}") = "Day17", "Day17\Day17.csproj", "{14F69764-1E77-42F2-A4DA-A77010996DE5}"
EndProject
Global
	GlobalSection(SolutionConfigurationPlatforms) = preSolution
		Debug|Any CPU = Debug|Any CPU
		Release|Any CPU = Release|Any CPU
	EndGlobalSection
	GlobalSection(ProjectConfigurationPlatforms) = postSolution
		{FA29BC8A-6428-4F7C-8F57-A6C267151DBF}.Debug|Any CPU.ActiveCfg = Debug|Any CPU
		{FA29BC8A-6428-4F7C-8F57-A6C267151DBF}.Debug|Any CPU.Build.0 = Debug|Any CPU
		{FA29BC8A-6428-4F7C-8F57-A6C267151DBF}.Release|Any CPU.ActiveCfg = Release|Any CPU
		{FA29BC8A-6428-4F7C-8F57-A6C267151DBF}.Release|Any CPU.Build.0 = Release|Any CPU
		{D7571201-1E87-4C6A-B4B3-50B8BBE6F57E}.Debug|Any CPU.ActiveCfg = Debug|Any CPU
		{D7571201-1E87-4C6A-B4B3-50B8BBE6F57E}.Debug|Any CPU.Build.0 = Debug|Any CPU
		{D7571201-1E87-4C6A-B4B3-50B8BBE6F57E}.Release|Any CPU.ActiveCfg = Release|Any CPU
		{D7571201-1E87-4C6A-B4B3-50B8BBE6F57E}.Release|Any CPU.Build.0 = Release|Any CPU
		{A8826EEF-DAA4-4F93-92F0-6613B00928E1}.Debug|Any CPU.ActiveCfg = Debug|Any CPU
		{A8826EEF-DAA4-4F93-92F0-6613B00928E1}.Debug|Any CPU.Build.0 = Debug|Any CPU
		{A8826EEF-DAA4-4F93-92F0-6613B00928E1}.Release|Any CPU.ActiveCfg = Release|Any CPU
		{A8826EEF-DAA4-4F93-92F0-6613B00928E1}.Release|Any CPU.Build.0 = Release|Any CPU
		{F177FBAD-8F65-4CFF-B6E0-D3AC5AEF03E3}.Debug|Any CPU.ActiveCfg = Debug|Any CPU
		{F177FBAD-8F65-4CFF-B6E0-D3AC5AEF03E3}.Debug|Any CPU.Build.0 = Debug|Any CPU
		{F177FBAD-8F65-4CFF-B6E0-D3AC5AEF03E3}.Release|Any CPU.ActiveCfg = Release|Any CPU
		{F177FBAD-8F65-4CFF-B6E0-D3AC5AEF03E3}.Release|Any CPU.Build.0 = Release|Any CPU
		{18E92CE1-075D-4B24-A526-79903A332448}.Debug|Any CPU.ActiveCfg = Debug|Any CPU
		{18E92CE1-075D-4B24-A526-79903A332448}.Debug|Any CPU.Build.0 = Debug|Any CPU
		{18E92CE1-075D-4B24-A526-79903A332448}.Release|Any CPU.ActiveCfg = Release|Any CPU
		{18E92CE1-075D-4B24-A526-79903A332448}.Release|Any CPU.Build.0 = Release|Any CPU
		{32BC20B7-0079-4446-A219-678757BFE637}.Debug|Any CPU.ActiveCfg = Debug|Any CPU
		{32BC20B7-0079-4446-A219-678757BFE637}.Debug|Any CPU.Build.0 = Debug|Any CPU
		{32BC20B7-0079-4446-A219-678757BFE637}.Release|Any CPU.ActiveCfg = Release|Any CPU
		{32BC20B7-0079-4446-A219-678757BFE637}.Release|Any CPU.Build.0 = Release|Any CPU
		{366097C1-66FA-4888-868E-5893C983C2DD}.Debug|Any CPU.ActiveCfg = Debug|Any CPU
		{366097C1-66FA-4888-868E-5893C983C2DD}.Debug|Any CPU.Build.0 = Debug|Any CPU
		{366097C1-66FA-4888-868E-5893C983C2DD}.Release|Any CPU.ActiveCfg = Release|Any CPU
		{366097C1-66FA-4888-868E-5893C983C2DD}.Release|Any CPU.Build.0 = Release|Any CPU
		{84E30549-8C1D-43ED-9E42-1BF20860AD44}.Debug|Any CPU.ActiveCfg = Debug|Any CPU
		{84E30549-8C1D-43ED-9E42-1BF20860AD44}.Debug|Any CPU.Build.0 = Debug|Any CPU
		{84E30549-8C1D-43ED-9E42-1BF20860AD44}.Release|Any CPU.ActiveCfg = Release|Any CPU
		{84E30549-8C1D-43ED-9E42-1BF20860AD44}.Release|Any CPU.Build.0 = Release|Any CPU
		{A850FCD3-2C8E-47ED-887E-E16326CE60E5}.Debug|Any CPU.ActiveCfg = Debug|Any CPU
		{A850FCD3-2C8E-47ED-887E-E16326CE60E5}.Debug|Any CPU.Build.0 = Debug|Any CPU
		{A850FCD3-2C8E-47ED-887E-E16326CE60E5}.Release|Any CPU.ActiveCfg = Release|Any CPU
		{A850FCD3-2C8E-47ED-887E-E16326CE60E5}.Release|Any CPU.Build.0 = Release|Any CPU
		{E4598683-68B4-45B9-A5EA-C21ED57C956C}.Debug|Any CPU.ActiveCfg = Debug|Any CPU
		{E4598683-68B4-45B9-A5EA-C21ED57C956C}.Debug|Any CPU.Build.0 = Debug|Any CPU
		{E4598683-68B4-45B9-A5EA-C21ED57C956C}.Release|Any CPU.ActiveCfg = Release|Any CPU
		{E4598683-68B4-45B9-A5EA-C21ED57C956C}.Release|Any CPU.Build.0 = Release|Any CPU
		{4FA2E818-8CDC-4175-80C9-C2A38C2C32FC}.Debug|Any CPU.ActiveCfg = Debug|Any CPU
		{4FA2E818-8CDC-4175-80C9-C2A38C2C32FC}.Debug|Any CPU.Build.0 = Debug|Any CPU
		{4FA2E818-8CDC-4175-80C9-C2A38C2C32FC}.Release|Any CPU.ActiveCfg = Release|Any CPU
		{4FA2E818-8CDC-4175-80C9-C2A38C2C32FC}.Release|Any CPU.Build.0 = Release|Any CPU
		{8B5D1FBE-3773-4B71-9AEB-64F1B636A90A}.Debug|Any CPU.ActiveCfg = Debug|Any CPU
		{8B5D1FBE-3773-4B71-9AEB-64F1B636A90A}.Debug|Any CPU.Build.0 = Debug|Any CPU
		{8B5D1FBE-3773-4B71-9AEB-64F1B636A90A}.Release|Any CPU.ActiveCfg = Release|Any CPU
		{8B5D1FBE-3773-4B71-9AEB-64F1B636A90A}.Release|Any CPU.Build.0 = Release|Any CPU
		{B06CDAE7-DAB4-4F72-8851-2B6BC30C2570}.Debug|Any CPU.ActiveCfg = Debug|Any CPU
		{B06CDAE7-DAB4-4F72-8851-2B6BC30C2570}.Debug|Any CPU.Build.0 = Debug|Any CPU
		{B06CDAE7-DAB4-4F72-8851-2B6BC30C2570}.Release|Any CPU.ActiveCfg = Release|Any CPU
		{B06CDAE7-DAB4-4F72-8851-2B6BC30C2570}.Release|Any CPU.Build.0 = Release|Any CPU
		{6270C7FF-A663-41EE-9551-293BAB58F4A5}.Debug|Any CPU.ActiveCfg = Debug|Any CPU
		{6270C7FF-A663-41EE-9551-293BAB58F4A5}.Debug|Any CPU.Build.0 = Debug|Any CPU
		{6270C7FF-A663-41EE-9551-293BAB58F4A5}.Release|Any CPU.ActiveCfg = Release|Any CPU
		{6270C7FF-A663-41EE-9551-293BAB58F4A5}.Release|Any CPU.Build.0 = Release|Any CPU
		{5C3ECA14-59AE-4D01-B052-44F4B1088791}.Debug|Any CPU.ActiveCfg = Debug|Any CPU
		{5C3ECA14-59AE-4D01-B052-44F4B1088791}.Debug|Any CPU.Build.0 = Debug|Any CPU
		{5C3ECA14-59AE-4D01-B052-44F4B1088791}.Release|Any CPU.ActiveCfg = Release|Any CPU
		{5C3ECA14-59AE-4D01-B052-44F4B1088791}.Release|Any CPU.Build.0 = Release|Any CPU
		{B49D07D7-3715-437C-9FD4-854B6FC5C128}.Debug|Any CPU.ActiveCfg = Debug|Any CPU
		{B49D07D7-3715-437C-9FD4-854B6FC5C128}.Debug|Any CPU.Build.0 = Debug|Any CPU
		{B49D07D7-3715-437C-9FD4-854B6FC5C128}.Release|Any CPU.ActiveCfg = Release|Any CPU
		{B49D07D7-3715-437C-9FD4-854B6FC5C128}.Release|Any CPU.Build.0 = Release|Any CPU
		{14F69764-1E77-42F2-A4DA-A77010996DE5}.Debug|Any CPU.ActiveCfg = Debug|Any CPU
		{14F69764-1E77-42F2-A4DA-A77010996DE5}.Debug|Any CPU.Build.0 = Debug|Any CPU
		{14F69764-1E77-42F2-A4DA-A77010996DE5}.Release|Any CPU.ActiveCfg = Release|Any CPU
		{14F69764-1E77-42F2-A4DA-A77010996DE5}.Release|Any CPU.Build.0 = Release|Any CPU
	EndGlobalSection
	GlobalSection(SolutionProperties) = preSolution
		HideSolutionNode = FALSE
	EndGlobalSection
	GlobalSection(ExtensibilityGlobals) = postSolution
		SolutionGuid = {0586E7DB-F02A-46E8-861C-34CD28087498}
	EndGlobalSection
EndGlobal
