
Microsoft Visual Studio Solution File, Format Version 12.00
# Visual Studio Version 17
VisualStudioVersion = 17.4.33110.190
MinimumVisualStudioVersion = 10.0.40219.1
Project("{FAE04EC0-301F-11D3-BF4B-00C04F79EFBC}") = "Day01", "Day01\Day01.csproj", "{FA29BC8A-6428-4F7C-8F57-A6C267151DBF}"
EndProject
Project("{FAE04EC0-301F-11D3-BF4B-00C04F79EFBC}") = "Day02", "Day02\Day02.csproj", "{D7571201-1E87-4C6A-B4B3-50B8BBE6F57E}"
EndProject
Global
	GlobalSection(SolutionConfigurationPlatforms) = preSolution
		Debug|Any CPU = Debug|Any CPU
		Release|Any CPU = Release|Any CPU
	EndGlobalSection
	GlobalSection(ProjectConfigurationPlatforms) = postSolution
		{FA29BC8A-6428-4F7C-8F57-A6C267151DBF}.Debug|Any CPU.ActiveCfg = Debug|Any CPU
		{FA29BC8A-6428-4F7C-8F57-A6C267151DBF}.Debug|Any CPU.Build.0 = Debug|Any CPU
		{FA29BC8A-6428-4F7C-8F57-A6C267151DBF}.Release|Any CPU.ActiveCfg = Release|Any CPU
		{FA29BC8A-6428-4F7C-8F57-A6C267151DBF}.Release|Any CPU.Build.0 = Release|Any CPU
		{D7571201-1E87-4C6A-B4B3-50B8BBE6F57E}.Debug|Any CPU.ActiveCfg = Debug|Any CPU
		{D7571201-1E87-4C6A-B4B3-50B8BBE6F57E}.Debug|Any CPU.Build.0 = Debug|Any CPU
		{D7571201-1E87-4C6A-B4B3-50B8BBE6F57E}.Release|Any CPU.ActiveCfg = Release|Any CPU
		{D7571201-1E87-4C6A-B4B3-50B8BBE6F57E}.Release|Any CPU.Build.0 = Release|Any CPU
	EndGlobalSection
	GlobalSection(SolutionProperties) = preSolution
		HideSolutionNode = FALSE
	EndGlobalSection
	GlobalSection(ExtensibilityGlobals) = postSolution
		SolutionGuid = {0586E7DB-F02A-46E8-861C-34CD28087498}
	EndGlobalSection
EndGlobal
